
Microsoft Visual Studio Solution File, Format Version 12.00
# Visual Studio Version 17
VisualStudioVersion = 17.2.32616.157
MinimumVisualStudioVersion = 10.0.40219.1
Project("{9A19103F-16F7-4668-BE54-9A1E7A4F7556}") = "StorageQueue", "StorageQueue\StorageQueue.csproj", "{EEB23130-4A07-4707-B311-47F067F6F809}"
EndProject
Project("{9A19103F-16F7-4668-BE54-9A1E7A4F7556}") = "AzureStorageQueueTrigger", "AzureStorageQueueTrigger\AzureStorageQueueTrigger.csproj", "{2140ADA9-734B-4B76-BDBB-3C8C4C37A483}"
EndProject
Project("{9A19103F-16F7-4668-BE54-9A1E7A4F7556}") = "AzureEventHub", "AzureEventHub\AzureEventHub.csproj", "{1A8742D0-5488-410D-BB44-E08E4C075071}"
EndProject
Project("{FAE04EC0-301F-11D3-BF4B-00C04F79EFBC}") = "WebAPI", "WebAPI\WebAPI.csproj", "{2DC1B9A3-89BD-4732-AAE0-CDF5CA8499FF}"
EndProject
Project("{FAE04EC0-301F-11D3-BF4B-00C04F79EFBC}") = "EmployeeApp", "EmployeeApp\EmployeeApp.csproj", "{EE64C7F2-4DDF-4ACB-A08B-1FDD70C495A4}"
EndProject
Global
	GlobalSection(SolutionConfigurationPlatforms) = preSolution
		Debug|Any CPU = Debug|Any CPU
		Release|Any CPU = Release|Any CPU
	EndGlobalSection
	GlobalSection(ProjectConfigurationPlatforms) = postSolution
		{EEB23130-4A07-4707-B311-47F067F6F809}.Debug|Any CPU.ActiveCfg = Debug|Any CPU
		{EEB23130-4A07-4707-B311-47F067F6F809}.Debug|Any CPU.Build.0 = Debug|Any CPU
		{EEB23130-4A07-4707-B311-47F067F6F809}.Release|Any CPU.ActiveCfg = Release|Any CPU
		{EEB23130-4A07-4707-B311-47F067F6F809}.Release|Any CPU.Build.0 = Release|Any CPU
		{2140ADA9-734B-4B76-BDBB-3C8C4C37A483}.Debug|Any CPU.ActiveCfg = Debug|Any CPU
		{2140ADA9-734B-4B76-BDBB-3C8C4C37A483}.Debug|Any CPU.Build.0 = Debug|Any CPU
		{2140ADA9-734B-4B76-BDBB-3C8C4C37A483}.Release|Any CPU.ActiveCfg = Release|Any CPU
		{2140ADA9-734B-4B76-BDBB-3C8C4C37A483}.Release|Any CPU.Build.0 = Release|Any CPU
		{1A8742D0-5488-410D-BB44-E08E4C075071}.Debug|Any CPU.ActiveCfg = Debug|Any CPU
		{1A8742D0-5488-410D-BB44-E08E4C075071}.Debug|Any CPU.Build.0 = Debug|Any CPU
		{1A8742D0-5488-410D-BB44-E08E4C075071}.Release|Any CPU.ActiveCfg = Release|Any CPU
		{1A8742D0-5488-410D-BB44-E08E4C075071}.Release|Any CPU.Build.0 = Release|Any CPU
		{2DC1B9A3-89BD-4732-AAE0-CDF5CA8499FF}.Debug|Any CPU.ActiveCfg = Debug|Any CPU
		{2DC1B9A3-89BD-4732-AAE0-CDF5CA8499FF}.Debug|Any CPU.Build.0 = Debug|Any CPU
		{2DC1B9A3-89BD-4732-AAE0-CDF5CA8499FF}.Release|Any CPU.ActiveCfg = Release|Any CPU
		{2DC1B9A3-89BD-4732-AAE0-CDF5CA8499FF}.Release|Any CPU.Build.0 = Release|Any CPU
		{EE64C7F2-4DDF-4ACB-A08B-1FDD70C495A4}.Debug|Any CPU.ActiveCfg = Debug|Any CPU
		{EE64C7F2-4DDF-4ACB-A08B-1FDD70C495A4}.Debug|Any CPU.Build.0 = Debug|Any CPU
		{EE64C7F2-4DDF-4ACB-A08B-1FDD70C495A4}.Release|Any CPU.ActiveCfg = Release|Any CPU
		{EE64C7F2-4DDF-4ACB-A08B-1FDD70C495A4}.Release|Any CPU.Build.0 = Release|Any CPU
	EndGlobalSection
	GlobalSection(SolutionProperties) = preSolution
		HideSolutionNode = FALSE
	EndGlobalSection
	GlobalSection(ExtensibilityGlobals) = postSolution
		SolutionGuid = {97775218-5637-44DF-A923-B751FC15C5E3}
	EndGlobalSection
EndGlobal
